
Microsoft Visual Studio Solution File, Format Version 12.00
# Visual Studio Version 17
VisualStudioVersion = 17.5.2.0
MinimumVisualStudioVersion = 10.0.40219.1
Project("{FAE04EC0-301F-11D3-BF4B-00C04F79EFBC}") = "CSharpBasics", "CSharpBasics\CSharpBasics.csproj", "{5CC31B35-6552-00E6-2646-D2566B57DF05}"
EndProject
Project("{2150E333-8FDC-42A3-9474-1A3956D46DE8}") = "HC2AMonitoring.Wpf", "HC2AMonitoring.Wpf", "{EE34654F-9DE7-83AF-CA7C-F9705A432057}"
EndProject
Project("{FAE04EC0-301F-11D3-BF4B-00C04F79EFBC}") = "HC2AMonitoring.Wpf", "HC2AMonitoring.Wpf\HC2AMonitoring.Wpf\HC2AMonitoring.Wpf.csproj", "{9C60FF9D-B645-411C-AA5B-FAE160302A49}"
EndProject
Global
	GlobalSection(SolutionConfigurationPlatforms) = preSolution
		Debug|Any CPU = Debug|Any CPU
		Debug|x64 = Debug|x64
		Debug|x86 = Debug|x86
		Release|Any CPU = Release|Any CPU
		Release|x64 = Release|x64
		Release|x86 = Release|x86
	EndGlobalSection
	GlobalSection(ProjectConfigurationPlatforms) = postSolution
		{5CC31B35-6552-00E6-2646-D2566B57DF05}.Debug|Any CPU.ActiveCfg = Debug|Any CPU
		{5CC31B35-6552-00E6-2646-D2566B57DF05}.Debug|Any CPU.Build.0 = Debug|Any CPU
		{5CC31B35-6552-00E6-2646-D2566B57DF05}.Debug|x64.ActiveCfg = Debug|Any CPU
		{5CC31B35-6552-00E6-2646-D2566B57DF05}.Debug|x64.Build.0 = Debug|Any CPU
		{5CC31B35-6552-00E6-2646-D2566B57DF05}.Debug|x86.ActiveCfg = Debug|Any CPU
		{5CC31B35-6552-00E6-2646-D2566B57DF05}.Debug|x86.Build.0 = Debug|Any CPU
		{5CC31B35-6552-00E6-2646-D2566B57DF05}.Release|Any CPU.ActiveCfg = Release|Any CPU
		{5CC31B35-6552-00E6-2646-D2566B57DF05}.Release|Any CPU.Build.0 = Release|Any CPU
		{5CC31B35-6552-00E6-2646-D2566B57DF05}.Release|x64.ActiveCfg = Release|Any CPU
		{5CC31B35-6552-00E6-2646-D2566B57DF05}.Release|x64.Build.0 = Release|Any CPU
		{5CC31B35-6552-00E6-2646-D2566B57DF05}.Release|x86.ActiveCfg = Release|Any CPU
		{5CC31B35-6552-00E6-2646-D2566B57DF05}.Release|x86.Build.0 = Release|Any CPU
		{9C60FF9D-B645-411C-AA5B-FAE160302A49}.Debug|Any CPU.ActiveCfg = Debug|Any CPU
		{9C60FF9D-B645-411C-AA5B-FAE160302A49}.Debug|Any CPU.Build.0 = Debug|Any CPU
		{9C60FF9D-B645-411C-AA5B-FAE160302A49}.Debug|x64.ActiveCfg = Debug|Any CPU
		{9C60FF9D-B645-411C-AA5B-FAE160302A49}.Debug|x64.Build.0 = Debug|Any CPU
		{9C60FF9D-B645-411C-AA5B-FAE160302A49}.Debug|x86.ActiveCfg = Debug|Any CPU
		{9C60FF9D-B645-411C-AA5B-FAE160302A49}.Debug|x86.Build.0 = Debug|Any CPU
		{9C60FF9D-B645-411C-AA5B-FAE160302A49}.Release|Any CPU.ActiveCfg = Release|Any CPU
		{9C60FF9D-B645-411C-AA5B-FAE160302A49}.Release|Any CPU.Build.0 = Release|Any CPU
		{9C60FF9D-B645-411C-AA5B-FAE160302A49}.Release|x64.ActiveCfg = Release|Any CPU
		{9C60FF9D-B645-411C-AA5B-FAE160302A49}.Release|x64.Build.0 = Release|Any CPU
		{9C60FF9D-B645-411C-AA5B-FAE160302A49}.Release|x86.ActiveCfg = Release|Any CPU
		{9C60FF9D-B645-411C-AA5B-FAE160302A49}.Release|x86.Build.0 = Release|Any CPU
	EndGlobalSection
	GlobalSection(SolutionProperties) = preSolution
		HideSolutionNode = FALSE
	EndGlobalSection
	GlobalSection(NestedProjects) = preSolution
		{9C60FF9D-B645-411C-AA5B-FAE160302A49} = {EE34654F-9DE7-83AF-CA7C-F9705A432057}
	EndGlobalSection
	GlobalSection(ExtensibilityGlobals) = postSolution
		SolutionGuid = {F699050F-6F3F-46C4-A508-9F2CC6EB0AD8}
	EndGlobalSection
EndGlobal
